
Microsoft Visual Studio Solution File, Format Version 12.00
# Visual Studio 15
VisualStudioVersion = 15.0.28307.168
MinimumVisualStudioVersion = 10.0.40219.1
Project("{FAE04EC0-301F-11D3-BF4B-00C04F79EFBC}") = "FunctionsMsi", "FunctionsMsi\FunctionsMsi.csproj", "{1A7B56D3-4B82-43E2-B8D2-EF9615CA26D1}"
EndProject
Project("{2150E333-8FDC-42A3-9474-1A3956D46DE8}") = "Solution Items", "Solution Items", "{37AEA483-8D73-4E44-AB5C-21166FC7EB7D}"
	ProjectSection(SolutionItems) = preProject
		deploy.ps1 = deploy.ps1
		README.md = README.md
	EndProjectSection
EndProject
Global
	GlobalSection(SolutionConfigurationPlatforms) = preSolution
		Debug|Any CPU = Debug|Any CPU
		Release|Any CPU = Release|Any CPU
	EndGlobalSection
	GlobalSection(ProjectConfigurationPlatforms) = postSolution
		{1A7B56D3-4B82-43E2-B8D2-EF9615CA26D1}.Debug|Any CPU.ActiveCfg = Debug|Any CPU
		{1A7B56D3-4B82-43E2-B8D2-EF9615CA26D1}.Debug|Any CPU.Build.0 = Debug|Any CPU
		{1A7B56D3-4B82-43E2-B8D2-EF9615CA26D1}.Release|Any CPU.ActiveCfg = Release|Any CPU
		{1A7B56D3-4B82-43E2-B8D2-EF9615CA26D1}.Release|Any CPU.Build.0 = Release|Any CPU
	EndGlobalSection
	GlobalSection(SolutionProperties) = preSolution
		HideSolutionNode = FALSE
	EndGlobalSection
	GlobalSection(ExtensibilityGlobals) = postSolution
		SolutionGuid = {671C0BCE-4714-4E2B-B457-05171676416C}
	EndGlobalSection
EndGlobal
